
Microsoft Visual Studio Solution File, Format Version 12.00
# Visual Studio 15
VisualStudioVersion = 15.0.27130.2010
MinimumVisualStudioVersion = 10.0.40219.1
Project("{8BC9CEB8-8B4A-11D0-8D11-00A0C91BC942}") = "perf_test", "perf_test.vcxproj", "{76A35481-ACDA-415A-8CCD-BE44A9E5D093}"
EndProject
Global
	GlobalSection(SolutionConfigurationPlatforms) = preSolution
		c objs|x64 = c objs|x64
		cxx objs|x64 = cxx objs|x64
	EndGlobalSection
	GlobalSection(ProjectConfigurationPlatforms) = postSolution
		{76A35481-ACDA-415A-8CCD-BE44A9E5D093}.c objs|x64.ActiveCfg = c objs|x64
		{76A35481-ACDA-415A-8CCD-BE44A9E5D093}.c objs|x64.Build.0 = c objs|x64
		{76A35481-ACDA-415A-8CCD-BE44A9E5D093}.cxx objs|x64.ActiveCfg = cxx objs|x64
		{76A35481-ACDA-415A-8CCD-BE44A9E5D093}.cxx objs|x64.Build.0 = cxx objs|x64
	EndGlobalSection
	GlobalSection(SolutionProperties) = preSolution
		HideSolutionNode = FALSE
	EndGlobalSection
	GlobalSection(ExtensibilityGlobals) = postSolution
		SolutionGuid = {70CD949F-09BF-4965-B135-0E6F4A1F07B9}
	EndGlobalSection
EndGlobal
